{
  "name": "my-website",
  "lockfileVersion": 2,
  "requires": true,
  "packages": {
    "": {
      "dependencies": {
        "@anthropic-ai/sdk": "^0.54.0"
      }
    },
    "node_modules/@anthropic-ai/sdk": {
      "version": "0.54.0",
      "resolved": "https://registry.npmjs.org/@anthropic-ai/sdk/-/sdk-0.54.0.tgz",
      "integrity": "sha512-xyoCtHJnt/qg5GG6IgK+UJEndz8h8ljzt/caKXmq3LfBF81nC/BW6E4x2rOWCZcvsLyVW+e8U5mtIr6UCE/kJw==",
      "bin": {
        "anthropic-ai-sdk": "bin/cli"
      }
    }
  },
  "dependencies": {
    "@anthropic-ai/sdk": {
      "version": "0.54.0",
      "resolved": "https://registry.npmjs.org/@anthropic-ai/sdk/-/sdk-0.54.0.tgz",
      "integrity": "sha512-xyoCtHJnt/qg5GG6IgK+UJEndz8h8ljzt/caKXmq3LfBF81nC/BW6E4x2rOWCZcvsLyVW+e8U5mtIr6UCE/kJw=="
    }
  }
}
